<Solution>
  <Folder Name="/pawstash-api/">
    <Project Path="pawstash-api/PawStash.API/PawStash.API.csproj" />
    <Project Path="pawstash-api/PawStash.BLL/PawStash.BLL.csproj" />
    <Project Path="pawstash-api/PawStash.DAL/PawStash.DAL.csproj" />
    <Project Path="pawstash-api/PawStash.Common/PawStash.Common.csproj" />
  </Folder>
  <Folder Name="/pawstash-app/">
    <Project Path="pawstash-app/PawStash.App/PawStash.App.csproj" />
  </Folder>
</Solution>
